
Microsoft Visual Studio Solution File, Format Version 12.00
# Visual Studio Version 16
VisualStudioVersion = 16.0.30523.141
MinimumVisualStudioVersion = 10.0.40219.1
Project("{FAE04EC0-301F-11D3-BF4B-00C04F79EFBC}") = "SSP.WebAPI", "SSP.WebAPI\SSP.WebAPI.csproj", "{D9702489-0D29-4F65-AD29-8C5CC215F580}"
EndProject
Project("{FAE04EC0-301F-11D3-BF4B-00C04F79EFBC}") = "SSP.Contracts", "..\SSP.Contracts\SSP.Contracts\SSP.Contracts.csproj", "{773C4C5F-66BD-4AFC-9369-54E48B5005E6}"
EndProject
Global
	GlobalSection(SolutionConfigurationPlatforms) = preSolution
		Debug|Any CPU = Debug|Any CPU
		Release|Any CPU = Release|Any CPU
	EndGlobalSection
	GlobalSection(ProjectConfigurationPlatforms) = postSolution
		{D9702489-0D29-4F65-AD29-8C5CC215F580}.Debug|Any CPU.ActiveCfg = Debug|Any CPU
		{D9702489-0D29-4F65-AD29-8C5CC215F580}.Debug|Any CPU.Build.0 = Debug|Any CPU
		{D9702489-0D29-4F65-AD29-8C5CC215F580}.Release|Any CPU.ActiveCfg = Release|Any CPU
		{D9702489-0D29-4F65-AD29-8C5CC215F580}.Release|Any CPU.Build.0 = Release|Any CPU
		{773C4C5F-66BD-4AFC-9369-54E48B5005E6}.Debug|Any CPU.ActiveCfg = Debug|Any CPU
		{773C4C5F-66BD-4AFC-9369-54E48B5005E6}.Debug|Any CPU.Build.0 = Debug|Any CPU
		{773C4C5F-66BD-4AFC-9369-54E48B5005E6}.Release|Any CPU.ActiveCfg = Release|Any CPU
		{773C4C5F-66BD-4AFC-9369-54E48B5005E6}.Release|Any CPU.Build.0 = Release|Any CPU
	EndGlobalSection
	GlobalSection(SolutionProperties) = preSolution
		HideSolutionNode = FALSE
	EndGlobalSection
	GlobalSection(ExtensibilityGlobals) = postSolution
		SolutionGuid = {9C30789A-F333-4B96-A50F-668EECCD1148}
	EndGlobalSection
EndGlobal
